
Microsoft Visual Studio Solution File, Format Version 12.00
# Visual Studio Version 16
VisualStudioVersion = 16.0.30413.136
MinimumVisualStudioVersion = 10.0.40219.1
Project("{9A19103F-16F7-4668-BE54-9A1E7A4F7556}") = "ApiLivros", "ApiLivros\ApiLivros.csproj", "{2C05AC67-BAAC-46FD-97E0-3E8D8F344D0B}"
EndProject
Project("{9A19103F-16F7-4668-BE54-9A1E7A4F7556}") = "ApiLivros.Data", "ApiLivros.Data\ApiLivros.Data.csproj", "{73CE1557-43AA-4E33-8F54-636D39CA55EF}"
EndProject
Project("{9A19103F-16F7-4668-BE54-9A1E7A4F7556}") = "ApiLivros.Models", "ApiLivros.Models\ApiLivros.Models.csproj", "{3EA22DCF-BDA2-4071-BA7F-B2651A42B51B}"
EndProject
Project("{9A19103F-16F7-4668-BE54-9A1E7A4F7556}") = "ApiLivros.Services", "ApiLivros.Services\ApiLivros.Services.csproj", "{6A787BEE-EDBC-4691-9410-EC56CB8978CF}"
EndProject
Project("{FAE04EC0-301F-11D3-BF4B-00C04F79EFBC}") = "ApiLivros.Dto", "ApiLivros.Dto\ApiLivros.Dto.csproj", "{542E737B-90D8-461C-BB65-A0687E89355D}"
EndProject
Global
	GlobalSection(SolutionConfigurationPlatforms) = preSolution
		Debug|Any CPU = Debug|Any CPU
		Release|Any CPU = Release|Any CPU
	EndGlobalSection
	GlobalSection(ProjectConfigurationPlatforms) = postSolution
		{2C05AC67-BAAC-46FD-97E0-3E8D8F344D0B}.Debug|Any CPU.ActiveCfg = Debug|Any CPU
		{2C05AC67-BAAC-46FD-97E0-3E8D8F344D0B}.Debug|Any CPU.Build.0 = Debug|Any CPU
		{2C05AC67-BAAC-46FD-97E0-3E8D8F344D0B}.Release|Any CPU.ActiveCfg = Release|Any CPU
		{2C05AC67-BAAC-46FD-97E0-3E8D8F344D0B}.Release|Any CPU.Build.0 = Release|Any CPU
		{73CE1557-43AA-4E33-8F54-636D39CA55EF}.Debug|Any CPU.ActiveCfg = Debug|Any CPU
		{73CE1557-43AA-4E33-8F54-636D39CA55EF}.Debug|Any CPU.Build.0 = Debug|Any CPU
		{73CE1557-43AA-4E33-8F54-636D39CA55EF}.Release|Any CPU.ActiveCfg = Release|Any CPU
		{73CE1557-43AA-4E33-8F54-636D39CA55EF}.Release|Any CPU.Build.0 = Release|Any CPU
		{3EA22DCF-BDA2-4071-BA7F-B2651A42B51B}.Debug|Any CPU.ActiveCfg = Debug|Any CPU
		{3EA22DCF-BDA2-4071-BA7F-B2651A42B51B}.Debug|Any CPU.Build.0 = Debug|Any CPU
		{3EA22DCF-BDA2-4071-BA7F-B2651A42B51B}.Release|Any CPU.ActiveCfg = Release|Any CPU
		{3EA22DCF-BDA2-4071-BA7F-B2651A42B51B}.Release|Any CPU.Build.0 = Release|Any CPU
		{6A787BEE-EDBC-4691-9410-EC56CB8978CF}.Debug|Any CPU.ActiveCfg = Debug|Any CPU
		{6A787BEE-EDBC-4691-9410-EC56CB8978CF}.Debug|Any CPU.Build.0 = Debug|Any CPU
		{6A787BEE-EDBC-4691-9410-EC56CB8978CF}.Release|Any CPU.ActiveCfg = Release|Any CPU
		{6A787BEE-EDBC-4691-9410-EC56CB8978CF}.Release|Any CPU.Build.0 = Release|Any CPU
		{542E737B-90D8-461C-BB65-A0687E89355D}.Debug|Any CPU.ActiveCfg = Debug|Any CPU
		{542E737B-90D8-461C-BB65-A0687E89355D}.Debug|Any CPU.Build.0 = Debug|Any CPU
		{542E737B-90D8-461C-BB65-A0687E89355D}.Release|Any CPU.ActiveCfg = Release|Any CPU
		{542E737B-90D8-461C-BB65-A0687E89355D}.Release|Any CPU.Build.0 = Release|Any CPU
	EndGlobalSection
	GlobalSection(SolutionProperties) = preSolution
		HideSolutionNode = FALSE
	EndGlobalSection
	GlobalSection(ExtensibilityGlobals) = postSolution
		SolutionGuid = {7D54B6AD-9E33-4C87-8E86-A0AD3D562285}
	EndGlobalSection
EndGlobal
